
Microsoft Visual Studio Solution File, Format Version 12.00
# Visual Studio Version 17
VisualStudioVersion = 17.7.34009.444
MinimumVisualStudioVersion = 10.0.40219.1
Project("{FAE04EC0-301F-11D3-BF4B-00C04F79EFBC}") = "GenerateBarcodeAndQRcodeMVCCore5", "GenerateBarcodeAndQRcodeMVCCore5\GenerateBarcodeAndQRcodeMVCCore5.csproj", "{73696E5A-0B68-461A-87C6-E84601504A62}"
EndProject
Global
	GlobalSection(SolutionConfigurationPlatforms) = preSolution
		Debug|Any CPU = Debug|Any CPU
		Release|Any CPU = Release|Any CPU
	EndGlobalSection
	GlobalSection(ProjectConfigurationPlatforms) = postSolution
		{73696E5A-0B68-461A-87C6-E84601504A62}.Debug|Any CPU.ActiveCfg = Debug|Any CPU
		{73696E5A-0B68-461A-87C6-E84601504A62}.Debug|Any CPU.Build.0 = Debug|Any CPU
		{73696E5A-0B68-461A-87C6-E84601504A62}.Release|Any CPU.ActiveCfg = Release|Any CPU
		{73696E5A-0B68-461A-87C6-E84601504A62}.Release|Any CPU.Build.0 = Release|Any CPU
	EndGlobalSection
	GlobalSection(SolutionProperties) = preSolution
		HideSolutionNode = FALSE
	EndGlobalSection
	GlobalSection(ExtensibilityGlobals) = postSolution
		SolutionGuid = {5B7185F4-494B-4970-B1D5-018A3389C702}
	EndGlobalSection
EndGlobal
